
Microsoft Visual Studio Solution File, Format Version 12.00
# Visual Studio 15
VisualStudioVersion = 15.0.28307.779
MinimumVisualStudioVersion = 10.0.40219.1
Project("{FAE04EC0-301F-11D3-BF4B-00C04F79EFBC}") = "MissingInteger", "MissingInteger\MissingInteger.csproj", "{E4109887-A5CD-45A7-BEB1-47FFB137E4C4}"
EndProject
Project("{FAE04EC0-301F-11D3-BF4B-00C04F79EFBC}") = "MissingInteger.Tests", "MissingInteger.Tests\MissingInteger.Tests.csproj", "{2E1B18F8-4326-4EB7-AB74-CFCAD20A064B}"
EndProject
Global
	GlobalSection(SolutionConfigurationPlatforms) = preSolution
		Debug|Any CPU = Debug|Any CPU
		Release|Any CPU = Release|Any CPU
	EndGlobalSection
	GlobalSection(ProjectConfigurationPlatforms) = postSolution
		{E4109887-A5CD-45A7-BEB1-47FFB137E4C4}.Debug|Any CPU.ActiveCfg = Debug|Any CPU
		{E4109887-A5CD-45A7-BEB1-47FFB137E4C4}.Debug|Any CPU.Build.0 = Debug|Any CPU
		{E4109887-A5CD-45A7-BEB1-47FFB137E4C4}.Release|Any CPU.ActiveCfg = Release|Any CPU
		{E4109887-A5CD-45A7-BEB1-47FFB137E4C4}.Release|Any CPU.Build.0 = Release|Any CPU
		{2E1B18F8-4326-4EB7-AB74-CFCAD20A064B}.Debug|Any CPU.ActiveCfg = Debug|Any CPU
		{2E1B18F8-4326-4EB7-AB74-CFCAD20A064B}.Debug|Any CPU.Build.0 = Debug|Any CPU
		{2E1B18F8-4326-4EB7-AB74-CFCAD20A064B}.Release|Any CPU.ActiveCfg = Release|Any CPU
		{2E1B18F8-4326-4EB7-AB74-CFCAD20A064B}.Release|Any CPU.Build.0 = Release|Any CPU
	EndGlobalSection
	GlobalSection(SolutionProperties) = preSolution
		HideSolutionNode = FALSE
	EndGlobalSection
	GlobalSection(ExtensibilityGlobals) = postSolution
		SolutionGuid = {EC7C9616-2C62-4862-9483-2C37AA11D06C}
	EndGlobalSection
EndGlobal
