
Microsoft Visual Studio Solution File, Format Version 12.00
# Visual Studio 15
VisualStudioVersion = 15.0.28307.779
MinimumVisualStudioVersion = 10.0.40219.1
Project("{FAE04EC0-301F-11D3-BF4B-00C04F79EFBC}") = "OddOccurence", "OddOccurence\OddOccurence.csproj", "{DE8E8343-14D4-44AC-8AB1-B819D68E92F8}"
EndProject
Project("{FAE04EC0-301F-11D3-BF4B-00C04F79EFBC}") = "OddOccurence.Tests", "OddOccurence.Tests\OddOccurence.Tests.csproj", "{3211B47F-49FE-41C0-A685-6F2631176AB9}"
EndProject
Global
	GlobalSection(SolutionConfigurationPlatforms) = preSolution
		Debug|Any CPU = Debug|Any CPU
		Release|Any CPU = Release|Any CPU
	EndGlobalSection
	GlobalSection(ProjectConfigurationPlatforms) = postSolution
		{DE8E8343-14D4-44AC-8AB1-B819D68E92F8}.Debug|Any CPU.ActiveCfg = Debug|Any CPU
		{DE8E8343-14D4-44AC-8AB1-B819D68E92F8}.Debug|Any CPU.Build.0 = Debug|Any CPU
		{DE8E8343-14D4-44AC-8AB1-B819D68E92F8}.Release|Any CPU.ActiveCfg = Release|Any CPU
		{DE8E8343-14D4-44AC-8AB1-B819D68E92F8}.Release|Any CPU.Build.0 = Release|Any CPU
		{3211B47F-49FE-41C0-A685-6F2631176AB9}.Debug|Any CPU.ActiveCfg = Debug|Any CPU
		{3211B47F-49FE-41C0-A685-6F2631176AB9}.Debug|Any CPU.Build.0 = Debug|Any CPU
		{3211B47F-49FE-41C0-A685-6F2631176AB9}.Release|Any CPU.ActiveCfg = Release|Any CPU
		{3211B47F-49FE-41C0-A685-6F2631176AB9}.Release|Any CPU.Build.0 = Release|Any CPU
	EndGlobalSection
	GlobalSection(SolutionProperties) = preSolution
		HideSolutionNode = FALSE
	EndGlobalSection
	GlobalSection(ExtensibilityGlobals) = postSolution
		SolutionGuid = {71B16718-B975-4DFA-A7B6-2C6AF9376F63}
	EndGlobalSection
EndGlobal
