
Microsoft Visual Studio Solution File, Format Version 12.00
# Visual Studio 15
VisualStudioVersion = 15.0.28307.779
MinimumVisualStudioVersion = 10.0.40219.1
Project("{FAE04EC0-301F-11D3-BF4B-00C04F79EFBC}") = "Nesting", "Nesting\Nesting.csproj", "{3006993A-A0F7-4EB4-8A82-62114EF26BA3}"
EndProject
Project("{FAE04EC0-301F-11D3-BF4B-00C04F79EFBC}") = "Nesting.Tests", "Nesting.Tests\Nesting.Tests.csproj", "{367AD4FA-6124-4DB3-A1CE-F49A5AD989A6}"
EndProject
Global
	GlobalSection(SolutionConfigurationPlatforms) = preSolution
		Debug|Any CPU = Debug|Any CPU
		Release|Any CPU = Release|Any CPU
	EndGlobalSection
	GlobalSection(ProjectConfigurationPlatforms) = postSolution
		{3006993A-A0F7-4EB4-8A82-62114EF26BA3}.Debug|Any CPU.ActiveCfg = Debug|Any CPU
		{3006993A-A0F7-4EB4-8A82-62114EF26BA3}.Debug|Any CPU.Build.0 = Debug|Any CPU
		{3006993A-A0F7-4EB4-8A82-62114EF26BA3}.Release|Any CPU.ActiveCfg = Release|Any CPU
		{3006993A-A0F7-4EB4-8A82-62114EF26BA3}.Release|Any CPU.Build.0 = Release|Any CPU
		{367AD4FA-6124-4DB3-A1CE-F49A5AD989A6}.Debug|Any CPU.ActiveCfg = Debug|Any CPU
		{367AD4FA-6124-4DB3-A1CE-F49A5AD989A6}.Debug|Any CPU.Build.0 = Debug|Any CPU
		{367AD4FA-6124-4DB3-A1CE-F49A5AD989A6}.Release|Any CPU.ActiveCfg = Release|Any CPU
		{367AD4FA-6124-4DB3-A1CE-F49A5AD989A6}.Release|Any CPU.Build.0 = Release|Any CPU
	EndGlobalSection
	GlobalSection(SolutionProperties) = preSolution
		HideSolutionNode = FALSE
	EndGlobalSection
	GlobalSection(ExtensibilityGlobals) = postSolution
		SolutionGuid = {7A62D7A7-0AF0-4959-B821-543D9BC2AB85}
	EndGlobalSection
EndGlobal
